
Microsoft Visual Studio Solution File, Format Version 12.00
# Visual Studio 15
VisualStudioVersion = 15.0.28010.2016
MinimumVisualStudioVersion = 10.0.40219.1
Project("{FAE04EC0-301F-11D3-BF4B-00C04F79EFBC}") = "AppWeb", "AppWeb\AppWeb.csproj", "{61A2EC6A-394A-45A1-AA30-44F8179BE667}"
EndProject
Global
	GlobalSection(SolutionConfigurationPlatforms) = preSolution
		Debug|Any CPU = Debug|Any CPU
		Release|Any CPU = Release|Any CPU
	EndGlobalSection
	GlobalSection(ProjectConfigurationPlatforms) = postSolution
		{61A2EC6A-394A-45A1-AA30-44F8179BE667}.Debug|Any CPU.ActiveCfg = Debug|Any CPU
		{61A2EC6A-394A-45A1-AA30-44F8179BE667}.Debug|Any CPU.Build.0 = Debug|Any CPU
		{61A2EC6A-394A-45A1-AA30-44F8179BE667}.Release|Any CPU.ActiveCfg = Release|Any CPU
		{61A2EC6A-394A-45A1-AA30-44F8179BE667}.Release|Any CPU.Build.0 = Release|Any CPU
	EndGlobalSection
	GlobalSection(SolutionProperties) = preSolution
		HideSolutionNode = FALSE
	EndGlobalSection
	GlobalSection(ExtensibilityGlobals) = postSolution
		SolutionGuid = {F8A360F7-EDE0-44CD-9DFC-AB29D5AA1F05}
	EndGlobalSection
EndGlobal
